
Microsoft Visual Studio Solution File, Format Version 12.00
# Visual Studio Version 17
VisualStudioVersion = 17.6.33723.286
MinimumVisualStudioVersion = 10.0.40219.1
Project("{FAE04EC0-301F-11D3-BF4B-00C04F79EFBC}") = "WebAPI", "WebAPI\WebAPI.csproj", "{863D7840-F605-4A22-8A29-3E2DA8ACD078}"
EndProject
Global
	GlobalSection(SolutionConfigurationPlatforms) = preSolution
		Debug|Any CPU = Debug|Any CPU
		Release|Any CPU = Release|Any CPU
	EndGlobalSection
	GlobalSection(ProjectConfigurationPlatforms) = postSolution
		{863D7840-F605-4A22-8A29-3E2DA8ACD078}.Debug|Any CPU.ActiveCfg = Debug|Any CPU
		{863D7840-F605-4A22-8A29-3E2DA8ACD078}.Debug|Any CPU.Build.0 = Debug|Any CPU
		{863D7840-F605-4A22-8A29-3E2DA8ACD078}.Release|Any CPU.ActiveCfg = Release|Any CPU
		{863D7840-F605-4A22-8A29-3E2DA8ACD078}.Release|Any CPU.Build.0 = Release|Any CPU
	EndGlobalSection
	GlobalSection(SolutionProperties) = preSolution
		HideSolutionNode = FALSE
	EndGlobalSection
	GlobalSection(ExtensibilityGlobals) = postSolution
		SolutionGuid = {5C4A200D-87BD-409A-B638-0A9AE8293ADA}
	EndGlobalSection
EndGlobal
